
Microsoft Visual Studio Solution File, Format Version 12.00
# Visual Studio Version 17
VisualStudioVersion = 17.0.31903.59
MinimumVisualStudioVersion = 10.0.40219.1
Project("{FAE04EC0-301F-11D3-BF4B-00C04F79EFBC}") = "InlineInterface", "InlineInterface\InlineInterface.csproj", "{FF4C8022-3859-4711-AA03-0D88E8E7F710}"
EndProject
Project("{FAE04EC0-301F-11D3-BF4B-00C04F79EFBC}") = "InlineInterface.Tests", "InlineInterface.Tests\InlineInterface.Tests.csproj", "{C02C814C-9E0E-4CBC-91E9-FF175CDDC7B1}"
EndProject
Project("{FAE04EC0-301F-11D3-BF4B-00C04F79EFBC}") = "InlineInterface.Generator", "InlineInterface.Generator\InlineInterface.Generator.csproj", "{5717DB43-A931-45D4-835A-4300D94623B8}"
EndProject
Global
	GlobalSection(SolutionConfigurationPlatforms) = preSolution
		Debug|Any CPU = Debug|Any CPU
		Debug|x64 = Debug|x64
		Debug|x86 = Debug|x86
		Release|Any CPU = Release|Any CPU
		Release|x64 = Release|x64
		Release|x86 = Release|x86
	EndGlobalSection
	GlobalSection(ProjectConfigurationPlatforms) = postSolution
		{FF4C8022-3859-4711-AA03-0D88E8E7F710}.Debug|Any CPU.ActiveCfg = Debug|Any CPU
		{FF4C8022-3859-4711-AA03-0D88E8E7F710}.Debug|Any CPU.Build.0 = Debug|Any CPU
		{FF4C8022-3859-4711-AA03-0D88E8E7F710}.Debug|x64.ActiveCfg = Debug|Any CPU
		{FF4C8022-3859-4711-AA03-0D88E8E7F710}.Debug|x64.Build.0 = Debug|Any CPU
		{FF4C8022-3859-4711-AA03-0D88E8E7F710}.Debug|x86.ActiveCfg = Debug|Any CPU
		{FF4C8022-3859-4711-AA03-0D88E8E7F710}.Debug|x86.Build.0 = Debug|Any CPU
		{FF4C8022-3859-4711-AA03-0D88E8E7F710}.Release|Any CPU.ActiveCfg = Release|Any CPU
		{FF4C8022-3859-4711-AA03-0D88E8E7F710}.Release|Any CPU.Build.0 = Release|Any CPU
		{FF4C8022-3859-4711-AA03-0D88E8E7F710}.Release|x64.ActiveCfg = Release|Any CPU
		{FF4C8022-3859-4711-AA03-0D88E8E7F710}.Release|x64.Build.0 = Release|Any CPU
		{FF4C8022-3859-4711-AA03-0D88E8E7F710}.Release|x86.ActiveCfg = Release|Any CPU
		{FF4C8022-3859-4711-AA03-0D88E8E7F710}.Release|x86.Build.0 = Release|Any CPU
		{C02C814C-9E0E-4CBC-91E9-FF175CDDC7B1}.Debug|Any CPU.ActiveCfg = Debug|Any CPU
		{C02C814C-9E0E-4CBC-91E9-FF175CDDC7B1}.Debug|Any CPU.Build.0 = Debug|Any CPU
		{C02C814C-9E0E-4CBC-91E9-FF175CDDC7B1}.Debug|x64.ActiveCfg = Debug|Any CPU
		{C02C814C-9E0E-4CBC-91E9-FF175CDDC7B1}.Debug|x64.Build.0 = Debug|Any CPU
		{C02C814C-9E0E-4CBC-91E9-FF175CDDC7B1}.Debug|x86.ActiveCfg = Debug|Any CPU
		{C02C814C-9E0E-4CBC-91E9-FF175CDDC7B1}.Debug|x86.Build.0 = Debug|Any CPU
		{C02C814C-9E0E-4CBC-91E9-FF175CDDC7B1}.Release|Any CPU.ActiveCfg = Release|Any CPU
		{C02C814C-9E0E-4CBC-91E9-FF175CDDC7B1}.Release|Any CPU.Build.0 = Release|Any CPU
		{C02C814C-9E0E-4CBC-91E9-FF175CDDC7B1}.Release|x64.ActiveCfg = Release|Any CPU
		{C02C814C-9E0E-4CBC-91E9-FF175CDDC7B1}.Release|x64.Build.0 = Release|Any CPU
		{C02C814C-9E0E-4CBC-91E9-FF175CDDC7B1}.Release|x86.ActiveCfg = Release|Any CPU
		{C02C814C-9E0E-4CBC-91E9-FF175CDDC7B1}.Release|x86.Build.0 = Release|Any CPU
		{5717DB43-A931-45D4-835A-4300D94623B8}.Debug|Any CPU.ActiveCfg = Debug|Any CPU
		{5717DB43-A931-45D4-835A-4300D94623B8}.Debug|Any CPU.Build.0 = Debug|Any CPU
		{5717DB43-A931-45D4-835A-4300D94623B8}.Debug|x64.ActiveCfg = Debug|Any CPU
		{5717DB43-A931-45D4-835A-4300D94623B8}.Debug|x64.Build.0 = Debug|Any CPU
		{5717DB43-A931-45D4-835A-4300D94623B8}.Debug|x86.ActiveCfg = Debug|Any CPU
		{5717DB43-A931-45D4-835A-4300D94623B8}.Debug|x86.Build.0 = Debug|Any CPU
		{5717DB43-A931-45D4-835A-4300D94623B8}.Release|Any CPU.ActiveCfg = Release|Any CPU
		{5717DB43-A931-45D4-835A-4300D94623B8}.Release|Any CPU.Build.0 = Release|Any CPU
		{5717DB43-A931-45D4-835A-4300D94623B8}.Release|x64.ActiveCfg = Release|Any CPU
		{5717DB43-A931-45D4-835A-4300D94623B8}.Release|x64.Build.0 = Release|Any CPU
		{5717DB43-A931-45D4-835A-4300D94623B8}.Release|x86.ActiveCfg = Release|Any CPU
		{5717DB43-A931-45D4-835A-4300D94623B8}.Release|x86.Build.0 = Release|Any CPU
	EndGlobalSection
	GlobalSection(SolutionProperties) = preSolution
		HideSolutionNode = FALSE
	EndGlobalSection
EndGlobal
